
Microsoft Visual Studio Solution File, Format Version 12.00
# Visual Studio 15
VisualStudioVersion = 15.0.28307.1340
MinimumVisualStudioVersion = 10.0.40219.1
Project("{FAE04EC0-301F-11D3-BF4B-00C04F79EFBC}") = "MyWpfCSXmlJsonSerializationApp", "MyWpfCSXmlJsonSerializationApp\MyWpfCSXmlJsonSerializationApp.csproj", "{9A11BE6E-9B35-41D5-B5CB-35DEAE9B4278}"
EndProject
Global
	GlobalSection(SolutionConfigurationPlatforms) = preSolution
		Debug|Any CPU = Debug|Any CPU
		Release|Any CPU = Release|Any CPU
	EndGlobalSection
	GlobalSection(ProjectConfigurationPlatforms) = postSolution
		{9A11BE6E-9B35-41D5-B5CB-35DEAE9B4278}.Debug|Any CPU.ActiveCfg = Debug|Any CPU
		{9A11BE6E-9B35-41D5-B5CB-35DEAE9B4278}.Debug|Any CPU.Build.0 = Debug|Any CPU
		{9A11BE6E-9B35-41D5-B5CB-35DEAE9B4278}.Release|Any CPU.ActiveCfg = Release|Any CPU
		{9A11BE6E-9B35-41D5-B5CB-35DEAE9B4278}.Release|Any CPU.Build.0 = Release|Any CPU
	EndGlobalSection
	GlobalSection(SolutionProperties) = preSolution
		HideSolutionNode = FALSE
	EndGlobalSection
	GlobalSection(ExtensibilityGlobals) = postSolution
		SolutionGuid = {A580C622-4A60-4B45-8898-AA34C75B0B1B}
	EndGlobalSection
EndGlobal
